
Microsoft Visual Studio Solution File, Format Version 12.00
# Visual Studio Version 16
VisualStudioVersion = 16.0.29519.181
MinimumVisualStudioVersion = 10.0.40219.1
Project("{2150E333-8FDC-42A3-9474-1A3956D46DE8}") = "Basic", "Basic", "{6C670B74-1D9D-47E8-9CEB-FB26DE0F84B4}"
EndProject
Project("{9A19103F-16F7-4668-BE54-9A1E7A4F7556}") = "Producer", "Producer\Producer.csproj", "{BD691411-C9EC-4BD3-BA33-167364F3F497}"
EndProject
Project("{9A19103F-16F7-4668-BE54-9A1E7A4F7556}") = "Consumer", "Consumer\Consumer.csproj", "{716F5AD8-0365-4047-A4D0-772C54F41610}"
EndProject
Project("{2150E333-8FDC-42A3-9474-1A3956D46DE8}") = "DemoSolutionMicroService", "DemoSolutionMicroService", "{6D99EB9F-EEC4-41B9-8F6B-D0CF8F68F22F}"
EndProject
Project("{2150E333-8FDC-42A3-9474-1A3956D46DE8}") = "Microservices", "Microservices", "{AC3BA012-B9FD-48DA-B24A-5AA40EDEDF95}"
EndProject
Project("{2150E333-8FDC-42A3-9474-1A3956D46DE8}") = "Domain", "Domain", "{EF4C9FA7-FB74-4CB6-9765-1195A28F5162}"
EndProject
Project("{2150E333-8FDC-42A3-9474-1A3956D46DE8}") = "Infra.Bus", "Infra.Bus", "{A504462A-825E-4096-92F8-EB0F6C59C5D5}"
EndProject
Project("{2150E333-8FDC-42A3-9474-1A3956D46DE8}") = "Infra.IoC", "Infra.IoC", "{6C099514-F4AA-4268-B3E8-ED0D1A31820D}"
EndProject
Project("{2150E333-8FDC-42A3-9474-1A3956D46DE8}") = "Presentation", "Presentation", "{4B32A0B6-B534-4C74-97E9-A59C0969BEDB}"
EndProject
Project("{FAE04EC0-301F-11D3-BF4B-00C04F79EFBC}") = "Micro.Domain.Core", "Micro.Domain.Core\Micro.Domain.Core.csproj", "{36EE9732-5220-4F64-9E5E-D05F9244EF3F}"
EndProject
Project("{FAE04EC0-301F-11D3-BF4B-00C04F79EFBC}") = "Micro.Infra.Bus", "Micro.Infra.Bus\Micro.Infra.Bus.csproj", "{802CB5BD-6E71-479E-A7C7-66170F2FA4C3}"
EndProject
Project("{2150E333-8FDC-42A3-9474-1A3956D46DE8}") = "Common", "Common", "{F1382A15-7583-46E6-AF89-FF50F006D1F8}"
EndProject
Project("{FAE04EC0-301F-11D3-BF4B-00C04F79EFBC}") = "Micro.Common", "Micro.Common\Micro.Common.csproj", "{66CE7E7D-2709-4425-9741-6A7503E8CAAA}"
EndProject
Project("{FAE04EC0-301F-11D3-BF4B-00C04F79EFBC}") = "Micro.Infra.IoC", "Micro.Infra.IoC\Micro.Infra.IoC.csproj", "{1328AB3F-7313-4A5C-95F8-188A5117022B}"
EndProject
Project("{2150E333-8FDC-42A3-9474-1A3956D46DE8}") = "Banking", "Banking", "{35CE61F4-62DB-4258-8747-72A06A87C421}"
EndProject
Project("{2150E333-8FDC-42A3-9474-1A3956D46DE8}") = "Api", "Api", "{5DC74524-CA36-47F5-A5D6-E6E06DB3256C}"
EndProject
Project("{2150E333-8FDC-42A3-9474-1A3956D46DE8}") = "Domain", "Domain", "{D0DA2C66-380C-4027-A3BA-2969BB7768BB}"
EndProject
Project("{2150E333-8FDC-42A3-9474-1A3956D46DE8}") = "Application", "Application", "{916A511E-1D6C-43A8-AD6C-16B1B87A236F}"
EndProject
Project("{2150E333-8FDC-42A3-9474-1A3956D46DE8}") = "Data", "Data", "{75848E0C-2FED-41AF-A1B5-C44916ABD7F3}"
EndProject
Project("{FAE04EC0-301F-11D3-BF4B-00C04F79EFBC}") = "Micro.Banking.Api", "Micro.Banking.Api\Micro.Banking.Api.csproj", "{B959EC69-2E3E-46EF-A85E-6C44E2912118}"
EndProject
Project("{FAE04EC0-301F-11D3-BF4B-00C04F79EFBC}") = "Micro.Banking.Application", "Micro.Banking.Application\Micro.Banking.Application.csproj", "{FC72F1E6-4A19-4D88-BE73-73DD1E0E12B0}"
EndProject
Project("{FAE04EC0-301F-11D3-BF4B-00C04F79EFBC}") = "Micro.Banking.Data", "Micro.Banking.Data\Micro.Banking.Data.csproj", "{8BB6EDB2-4285-470A-A779-0C9E2786EB49}"
EndProject
Project("{FAE04EC0-301F-11D3-BF4B-00C04F79EFBC}") = "Micro.Banking.Domain", "Micro.Banking.Domain\Micro.Banking.Domain.csproj", "{3ADFAB5F-9A32-4DE8-AC8A-9AAE24A9F75A}"
EndProject
Global
	GlobalSection(SolutionConfigurationPlatforms) = preSolution
		Debug|Any CPU = Debug|Any CPU
		Release|Any CPU = Release|Any CPU
	EndGlobalSection
	GlobalSection(ProjectConfigurationPlatforms) = postSolution
		{BD691411-C9EC-4BD3-BA33-167364F3F497}.Debug|Any CPU.ActiveCfg = Debug|Any CPU
		{BD691411-C9EC-4BD3-BA33-167364F3F497}.Debug|Any CPU.Build.0 = Debug|Any CPU
		{BD691411-C9EC-4BD3-BA33-167364F3F497}.Release|Any CPU.ActiveCfg = Release|Any CPU
		{BD691411-C9EC-4BD3-BA33-167364F3F497}.Release|Any CPU.Build.0 = Release|Any CPU
		{716F5AD8-0365-4047-A4D0-772C54F41610}.Debug|Any CPU.ActiveCfg = Debug|Any CPU
		{716F5AD8-0365-4047-A4D0-772C54F41610}.Debug|Any CPU.Build.0 = Debug|Any CPU
		{716F5AD8-0365-4047-A4D0-772C54F41610}.Release|Any CPU.ActiveCfg = Release|Any CPU
		{716F5AD8-0365-4047-A4D0-772C54F41610}.Release|Any CPU.Build.0 = Release|Any CPU
		{36EE9732-5220-4F64-9E5E-D05F9244EF3F}.Debug|Any CPU.ActiveCfg = Debug|Any CPU
		{36EE9732-5220-4F64-9E5E-D05F9244EF3F}.Debug|Any CPU.Build.0 = Debug|Any CPU
		{36EE9732-5220-4F64-9E5E-D05F9244EF3F}.Release|Any CPU.ActiveCfg = Release|Any CPU
		{36EE9732-5220-4F64-9E5E-D05F9244EF3F}.Release|Any CPU.Build.0 = Release|Any CPU
		{802CB5BD-6E71-479E-A7C7-66170F2FA4C3}.Debug|Any CPU.ActiveCfg = Debug|Any CPU
		{802CB5BD-6E71-479E-A7C7-66170F2FA4C3}.Debug|Any CPU.Build.0 = Debug|Any CPU
		{802CB5BD-6E71-479E-A7C7-66170F2FA4C3}.Release|Any CPU.ActiveCfg = Release|Any CPU
		{802CB5BD-6E71-479E-A7C7-66170F2FA4C3}.Release|Any CPU.Build.0 = Release|Any CPU
		{66CE7E7D-2709-4425-9741-6A7503E8CAAA}.Debug|Any CPU.ActiveCfg = Debug|Any CPU
		{66CE7E7D-2709-4425-9741-6A7503E8CAAA}.Debug|Any CPU.Build.0 = Debug|Any CPU
		{66CE7E7D-2709-4425-9741-6A7503E8CAAA}.Release|Any CPU.ActiveCfg = Release|Any CPU
		{66CE7E7D-2709-4425-9741-6A7503E8CAAA}.Release|Any CPU.Build.0 = Release|Any CPU
		{1328AB3F-7313-4A5C-95F8-188A5117022B}.Debug|Any CPU.ActiveCfg = Debug|Any CPU
		{1328AB3F-7313-4A5C-95F8-188A5117022B}.Debug|Any CPU.Build.0 = Debug|Any CPU
		{1328AB3F-7313-4A5C-95F8-188A5117022B}.Release|Any CPU.ActiveCfg = Release|Any CPU
		{1328AB3F-7313-4A5C-95F8-188A5117022B}.Release|Any CPU.Build.0 = Release|Any CPU
		{B959EC69-2E3E-46EF-A85E-6C44E2912118}.Debug|Any CPU.ActiveCfg = Debug|Any CPU
		{B959EC69-2E3E-46EF-A85E-6C44E2912118}.Debug|Any CPU.Build.0 = Debug|Any CPU
		{B959EC69-2E3E-46EF-A85E-6C44E2912118}.Release|Any CPU.ActiveCfg = Release|Any CPU
		{B959EC69-2E3E-46EF-A85E-6C44E2912118}.Release|Any CPU.Build.0 = Release|Any CPU
		{FC72F1E6-4A19-4D88-BE73-73DD1E0E12B0}.Debug|Any CPU.ActiveCfg = Debug|Any CPU
		{FC72F1E6-4A19-4D88-BE73-73DD1E0E12B0}.Debug|Any CPU.Build.0 = Debug|Any CPU
		{FC72F1E6-4A19-4D88-BE73-73DD1E0E12B0}.Release|Any CPU.ActiveCfg = Release|Any CPU
		{FC72F1E6-4A19-4D88-BE73-73DD1E0E12B0}.Release|Any CPU.Build.0 = Release|Any CPU
		{8BB6EDB2-4285-470A-A779-0C9E2786EB49}.Debug|Any CPU.ActiveCfg = Debug|Any CPU
		{8BB6EDB2-4285-470A-A779-0C9E2786EB49}.Debug|Any CPU.Build.0 = Debug|Any CPU
		{8BB6EDB2-4285-470A-A779-0C9E2786EB49}.Release|Any CPU.ActiveCfg = Release|Any CPU
		{8BB6EDB2-4285-470A-A779-0C9E2786EB49}.Release|Any CPU.Build.0 = Release|Any CPU
		{3ADFAB5F-9A32-4DE8-AC8A-9AAE24A9F75A}.Debug|Any CPU.ActiveCfg = Debug|Any CPU
		{3ADFAB5F-9A32-4DE8-AC8A-9AAE24A9F75A}.Debug|Any CPU.Build.0 = Debug|Any CPU
		{3ADFAB5F-9A32-4DE8-AC8A-9AAE24A9F75A}.Release|Any CPU.ActiveCfg = Release|Any CPU
		{3ADFAB5F-9A32-4DE8-AC8A-9AAE24A9F75A}.Release|Any CPU.Build.0 = Release|Any CPU
	EndGlobalSection
	GlobalSection(SolutionProperties) = preSolution
		HideSolutionNode = FALSE
	EndGlobalSection
	GlobalSection(NestedProjects) = preSolution
		{BD691411-C9EC-4BD3-BA33-167364F3F497} = {6C670B74-1D9D-47E8-9CEB-FB26DE0F84B4}
		{716F5AD8-0365-4047-A4D0-772C54F41610} = {6C670B74-1D9D-47E8-9CEB-FB26DE0F84B4}
		{AC3BA012-B9FD-48DA-B24A-5AA40EDEDF95} = {6D99EB9F-EEC4-41B9-8F6B-D0CF8F68F22F}
		{EF4C9FA7-FB74-4CB6-9765-1195A28F5162} = {6D99EB9F-EEC4-41B9-8F6B-D0CF8F68F22F}
		{A504462A-825E-4096-92F8-EB0F6C59C5D5} = {6D99EB9F-EEC4-41B9-8F6B-D0CF8F68F22F}
		{6C099514-F4AA-4268-B3E8-ED0D1A31820D} = {6D99EB9F-EEC4-41B9-8F6B-D0CF8F68F22F}
		{4B32A0B6-B534-4C74-97E9-A59C0969BEDB} = {6D99EB9F-EEC4-41B9-8F6B-D0CF8F68F22F}
		{36EE9732-5220-4F64-9E5E-D05F9244EF3F} = {EF4C9FA7-FB74-4CB6-9765-1195A28F5162}
		{802CB5BD-6E71-479E-A7C7-66170F2FA4C3} = {A504462A-825E-4096-92F8-EB0F6C59C5D5}
		{F1382A15-7583-46E6-AF89-FF50F006D1F8} = {6D99EB9F-EEC4-41B9-8F6B-D0CF8F68F22F}
		{66CE7E7D-2709-4425-9741-6A7503E8CAAA} = {F1382A15-7583-46E6-AF89-FF50F006D1F8}
		{1328AB3F-7313-4A5C-95F8-188A5117022B} = {6C099514-F4AA-4268-B3E8-ED0D1A31820D}
		{35CE61F4-62DB-4258-8747-72A06A87C421} = {AC3BA012-B9FD-48DA-B24A-5AA40EDEDF95}
		{5DC74524-CA36-47F5-A5D6-E6E06DB3256C} = {35CE61F4-62DB-4258-8747-72A06A87C421}
		{D0DA2C66-380C-4027-A3BA-2969BB7768BB} = {35CE61F4-62DB-4258-8747-72A06A87C421}
		{916A511E-1D6C-43A8-AD6C-16B1B87A236F} = {35CE61F4-62DB-4258-8747-72A06A87C421}
		{75848E0C-2FED-41AF-A1B5-C44916ABD7F3} = {35CE61F4-62DB-4258-8747-72A06A87C421}
		{B959EC69-2E3E-46EF-A85E-6C44E2912118} = {5DC74524-CA36-47F5-A5D6-E6E06DB3256C}
		{FC72F1E6-4A19-4D88-BE73-73DD1E0E12B0} = {916A511E-1D6C-43A8-AD6C-16B1B87A236F}
		{8BB6EDB2-4285-470A-A779-0C9E2786EB49} = {75848E0C-2FED-41AF-A1B5-C44916ABD7F3}
		{3ADFAB5F-9A32-4DE8-AC8A-9AAE24A9F75A} = {D0DA2C66-380C-4027-A3BA-2969BB7768BB}
	EndGlobalSection
	GlobalSection(ExtensibilityGlobals) = postSolution
		SolutionGuid = {54950A85-9220-4A0D-B858-55BE4E776A15}
	EndGlobalSection
EndGlobal
